<Solution>
  <Folder Name="/src/">
    <Project Path="src/OrderGenerator.Api/OrderGenerator.Api.csproj" />
    <Project Path="src/OrderGenerator.Application/OrderGenerator.Application.csproj" />
    <Project Path="src/OrderGenerator.Domain/OrderGenerator.Domain.csproj" />
    <Project Path="src/OrderGenerator.Infrastructure/OrderGenerator.Infrastructure.csproj" />
  </Folder>
  <Folder Name="/tests/">
    <Project Path="tests/OrderGenerator.Tests/OrderGenerator.Tests.csproj" />
  </Folder>
</Solution>
